
Microsoft Visual Studio Solution File, Format Version 12.00
# Visual Studio Version 17
VisualStudioVersion = 17.5.33530.505
MinimumVisualStudioVersion = 10.0.40219.1
Project("{FAE04EC0-301F-11D3-BF4B-00C04F79EFBC}") = "PharmacyStoreMangement", "PharmacyStoreMangement\PharmacyStoreMangement.csproj", "{924D915A-9A17-44F2-B1C7-7C5FBF53B20A}"
EndProject
Global
	GlobalSection(SolutionConfigurationPlatforms) = preSolution
		Debug|Any CPU = Debug|Any CPU
		Release|Any CPU = Release|Any CPU
	EndGlobalSection
	GlobalSection(ProjectConfigurationPlatforms) = postSolution
		{924D915A-9A17-44F2-B1C7-7C5FBF53B20A}.Debug|Any CPU.ActiveCfg = Debug|Any CPU
		{924D915A-9A17-44F2-B1C7-7C5FBF53B20A}.Debug|Any CPU.Build.0 = Debug|Any CPU
		{924D915A-9A17-44F2-B1C7-7C5FBF53B20A}.Release|Any CPU.ActiveCfg = Release|Any CPU
		{924D915A-9A17-44F2-B1C7-7C5FBF53B20A}.Release|Any CPU.Build.0 = Release|Any CPU
	EndGlobalSection
	GlobalSection(SolutionProperties) = preSolution
		HideSolutionNode = FALSE
	EndGlobalSection
	GlobalSection(ExtensibilityGlobals) = postSolution
		SolutionGuid = {3569513A-D2CB-4511-B38C-A5899A0C8EB4}
	EndGlobalSection
EndGlobal
